{
  "name": "hertzscript-isolate",
  "version": "0.1.0",
  "lockfileVersion": 1,
  "requires": true,
  "dependencies": {
    "@cronvel/get-pixels": {
      "version": "3.3.1",
      "resolved": "https://registry.npmjs.org/@cronvel/get-pixels/-/get-pixels-3.3.1.tgz",
      "integrity": "sha512-jgDb8vGPkpjRDbiYyHTI2Bna4HJysjPNSiERzBnRJjCR/YqC3u0idTae0tmNECsaZLOpAWmlK9wiIwnLGIT9Bg==",
      "requires": {
        "jpeg-js": "^0.1.1",
        "ndarray": "^1.0.13",
        "ndarray-pack": "^1.1.1",
        "node-bitmap": "0.0.1",
        "omggif": "^1.0.5",
        "pngjs": "^2.0.0"
      }
    },
    "acorn": {
      "version": "6.0.5",
      "resolved": "https://registry.npmjs.org/acorn/-/acorn-6.0.5.tgz",
      "integrity": "sha512-i33Zgp3XWtmZBMNvCr4azvOFeWVw1Rk6p3hfi3LUDvIFraOMywb1kAtrbi+med14m4Xfpqm3zRZMT+c0FNE7kg=="
    },
    "acorn-walk": {
      "version": "6.1.1",
      "resolved": "https://registry.npmjs.org/acorn-walk/-/acorn-walk-6.1.1.tgz",
      "integrity": "sha512-OtUw6JUTgxA2QoqqmrmQ7F2NYqiBPi/L2jqHyFtllhOUvXYQXf0Z1CYUinIfyT4bTCGmrA7gX9FvHA81uzCoVw=="
    },
    "ansi-regex": {
      "version": "2.1.1",
      "resolved": "https://registry.npmjs.org/ansi-regex/-/ansi-regex-2.1.1.tgz",
      "integrity": "sha1-w7M6te42DYbg5ijwRorn7yfWVN8="
    },
    "ansi-styles": {
      "version": "2.2.1",
      "resolved": "https://registry.npmjs.org/ansi-styles/-/ansi-styles-2.2.1.tgz",
      "integrity": "sha1-tDLdM1i2NM914eRmQ2gkBTPB3b4="
    },
    "argv-tools": {
      "version": "0.1.1",
      "resolved": "https://registry.npmjs.org/argv-tools/-/argv-tools-0.1.1.tgz",
      "integrity": "sha512-Cc0dBvx4dvrjjKpyDA6w8RlNAw8Su30NvZbWl/Tv9ZALEVlLVkWQiHMi84Q0xNfpVuSaiQbYkdmWK8g1PLGhKw==",
      "requires": {
        "array-back": "^2.0.0",
        "find-replace": "^2.0.1"
      }
    },
    "array-back": {
      "version": "2.0.0",
      "resolved": "https://registry.npmjs.org/array-back/-/array-back-2.0.0.tgz",
      "integrity": "sha512-eJv4pLLufP3g5kcZry0j6WXpIbzYw9GUB4mVJZno9wfwiBxbizTnHCw3VJb07cBihbFX48Y7oSrW9y+gt4glyw==",
      "requires": {
        "typical": "^2.6.1"
      }
    },
    "babel-code-frame": {
      "version": "6.26.0",
      "resolved": "https://registry.npmjs.org/babel-code-frame/-/babel-code-frame-6.26.0.tgz",
      "integrity": "sha1-Y/1D99weO7fONZR9uP42mj9Yx0s=",
      "requires": {
        "chalk": "^1.1.3",
        "esutils": "^2.0.2",
        "js-tokens": "^3.0.2"
      }
    },
    "babel-core": {
      "version": "6.26.3",
      "resolved": "https://registry.npmjs.org/babel-core/-/babel-core-6.26.3.tgz",
      "integrity": "sha512-6jyFLuDmeidKmUEb3NM+/yawG0M2bDZ9Z1qbZP59cyHLz8kYGKYwpJP0UwUKKUiTRNvxfLesJnTedqczP7cTDA==",
      "requires": {
        "babel-code-frame": "^6.26.0",
        "babel-generator": "^6.26.0",
        "babel-helpers": "^6.24.1",
        "babel-messages": "^6.23.0",
        "babel-register": "^6.26.0",
        "babel-runtime": "^6.26.0",
        "babel-template": "^6.26.0",
        "babel-traverse": "^6.26.0",
        "babel-types": "^6.26.0",
        "babylon": "^6.18.0",
        "convert-source-map": "^1.5.1",
        "debug": "^2.6.9",
        "json5": "^0.5.1",
        "lodash": "^4.17.4",
        "minimatch": "^3.0.4",
        "path-is-absolute": "^1.0.1",
        "private": "^0.1.8",
        "slash": "^1.0.0",
        "source-map": "^0.5.7"
      }
    },
    "babel-generator": {
      "version": "6.26.1",
      "resolved": "https://registry.npmjs.org/babel-generator/-/babel-generator-6.26.1.tgz",
      "integrity": "sha512-HyfwY6ApZj7BYTcJURpM5tznulaBvyio7/0d4zFOeMPUmfxkCjHocCuoLa2SAGzBI8AREcH3eP3758F672DppA==",
      "requires": {
        "babel-messages": "^6.23.0",
        "babel-runtime": "^6.26.0",
        "babel-types": "^6.26.0",
        "detect-indent": "^4.0.0",
        "jsesc": "^1.3.0",
        "lodash": "^4.17.4",
        "source-map": "^0.5.7",
        "trim-right": "^1.0.1"
      }
    },
    "babel-helpers": {
      "version": "6.24.1",
      "resolved": "https://registry.npmjs.org/babel-helpers/-/babel-helpers-6.24.1.tgz",
      "integrity": "sha1-NHHenK7DiOXIUOWX5Yom3fN2ArI=",
      "requires": {
        "babel-runtime": "^6.22.0",
        "babel-template": "^6.24.1"
      }
    },
    "babel-messages": {
      "version": "6.23.0",
      "resolved": "https://registry.npmjs.org/babel-messages/-/babel-messages-6.23.0.tgz",
      "integrity": "sha1-8830cDhYA1sqKVHG7F7fbGLyYw4=",
      "requires": {
        "babel-runtime": "^6.22.0"
      }
    },
    "babel-register": {
      "version": "6.26.0",
      "resolved": "https://registry.npmjs.org/babel-register/-/babel-register-6.26.0.tgz",
      "integrity": "sha1-btAhFz4vy0htestFxgCahW9kcHE=",
      "requires": {
        "babel-core": "^6.26.0",
        "babel-runtime": "^6.26.0",
        "core-js": "^2.5.0",
        "home-or-tmp": "^2.0.0",
        "lodash": "^4.17.4",
        "mkdirp": "^0.5.1",
        "source-map-support": "^0.4.15"
      }
    },
    "babel-runtime": {
      "version": "6.26.0",
      "resolved": "https://registry.npmjs.org/babel-runtime/-/babel-runtime-6.26.0.tgz",
      "integrity": "sha1-llxwWGaOgrVde/4E/yM3vItWR/4=",
      "requires": {
        "core-js": "^2.4.0",
        "regenerator-runtime": "^0.11.0"
      }
    },
    "babel-template": {
      "version": "6.26.0",
      "resolved": "https://registry.npmjs.org/babel-template/-/babel-template-6.26.0.tgz",
      "integrity": "sha1-3gPi0WOWsGn0bdn/+FIfsaDjXgI=",
      "requires": {
        "babel-runtime": "^6.26.0",
        "babel-traverse": "^6.26.0",
        "babel-types": "^6.26.0",
        "babylon": "^6.18.0",
        "lodash": "^4.17.4"
      }
    },
    "babel-traverse": {
      "version": "6.26.0",
      "resolved": "https://registry.npmjs.org/babel-traverse/-/babel-traverse-6.26.0.tgz",
      "integrity": "sha1-RqnL1+3MYsjlwGTi0tjQ9ANXZu4=",
      "requires": {
        "babel-code-frame": "^6.26.0",
        "babel-messages": "^6.23.0",
        "babel-runtime": "^6.26.0",
        "babel-types": "^6.26.0",
        "babylon": "^6.18.0",
        "debug": "^2.6.8",
        "globals": "^9.18.0",
        "invariant": "^2.2.2",
        "lodash": "^4.17.4"
      }
    },
    "babel-types": {
      "version": "6.26.0",
      "resolved": "https://registry.npmjs.org/babel-types/-/babel-types-6.26.0.tgz",
      "integrity": "sha1-o7Bz+Uq0nrb6Vc1lInozQ4BjJJc=",
      "requires": {
        "babel-runtime": "^6.26.0",
        "esutils": "^2.0.2",
        "lodash": "^4.17.4",
        "to-fast-properties": "^1.0.3"
      }
    },
    "babylon": {
      "version": "6.18.0",
      "resolved": "https://registry.npmjs.org/babylon/-/babylon-6.18.0.tgz",
      "integrity": "sha512-q/UEjfGJ2Cm3oKV71DJz9d25TPnq5rhBVL2Q4fA5wcC3jcrdn7+SssEybFIxwAvvP+YCsCYNKughoF33GxgycQ=="
    },
    "balanced-match": {
      "version": "1.0.0",
      "resolved": "https://registry.npmjs.org/balanced-match/-/balanced-match-1.0.0.tgz",
      "integrity": "sha1-ibTRmasr7kneFk6gK4nORi1xt2c="
    },
    "brace-expansion": {
      "version": "1.1.11",
      "resolved": "https://registry.npmjs.org/brace-expansion/-/brace-expansion-1.1.11.tgz",
      "integrity": "sha512-iCuPHDFgrHX7H2vEI/5xpz07zSHB00TpugqhmYtVmMO6518mCuRMoOYFldEBl0g187ufozdaHgWKcYFb61qGiA==",
      "requires": {
        "balanced-match": "^1.0.0",
        "concat-map": "0.0.1"
      }
    },
    "byte-length": {
      "version": "1.0.2",
      "resolved": "https://registry.npmjs.org/byte-length/-/byte-length-1.0.2.tgz",
      "integrity": "sha512-ovBpjmsgd/teRmgcPh23d4gJvxDoXtAzEL9xTfMU8Yc2kqCDb7L9jAG0XHl1nzuGl+h3ebCIF1i62UFyA9V/2Q=="
    },
    "chalk": {
      "version": "1.1.3",
      "resolved": "https://registry.npmjs.org/chalk/-/chalk-1.1.3.tgz",
      "integrity": "sha1-qBFcVeSnAv5NFQq9OHKCKn4J/Jg=",
      "requires": {
        "ansi-styles": "^2.2.1",
        "escape-string-regexp": "^1.0.2",
        "has-ansi": "^2.0.0",
        "strip-ansi": "^3.0.0",
        "supports-color": "^2.0.0"
      }
    },
    "command-line-args": {
      "version": "5.0.2",
      "resolved": "https://registry.npmjs.org/command-line-args/-/command-line-args-5.0.2.tgz",
      "integrity": "sha512-/qPcbL8zpqg53x4rAaqMFlRV4opN3pbla7I7k9x8kyOBMQoGT6WltjN6sXZuxOXw6DgdK7Ad+ijYS5gjcr7vlA==",
      "requires": {
        "argv-tools": "^0.1.1",
        "array-back": "^2.0.0",
        "find-replace": "^2.0.1",
        "lodash.camelcase": "^4.3.0",
        "typical": "^2.6.1"
      }
    },
    "concat-map": {
      "version": "0.0.1",
      "resolved": "https://registry.npmjs.org/concat-map/-/concat-map-0.0.1.tgz",
      "integrity": "sha1-2Klr13/Wjfd5OnMDajug1UBdR3s="
    },
    "console-buffer": {
      "version": "1.0.1",
      "resolved": "https://registry.npmjs.org/console-buffer/-/console-buffer-1.0.1.tgz",
      "integrity": "sha512-nE/U/HNPoe46thw1WksXfnbtwN5/pHiJ9Ket0Jcl4fovJ7EAf/IOgoBKz3qFq6z5nfkJL/qx5CMzGOPbON7R8A==",
      "requires": {
        "byte-length": "^1.0.2",
        "nodestringtable": "^1.0.2"
      }
    },
    "convert-source-map": {
      "version": "1.6.0",
      "resolved": "https://registry.npmjs.org/convert-source-map/-/convert-source-map-1.6.0.tgz",
      "integrity": "sha512-eFu7XigvxdZ1ETfbgPBohgyQ/Z++C0eEhTor0qRwBw9unw+L0/6V8wkSuGgzdThkiS5lSpdptOQPD8Ak40a+7A==",
      "requires": {
        "safe-buffer": "~5.1.1"
      }
    },
    "core-js": {
      "version": "2.6.2",
      "resolved": "https://registry.npmjs.org/core-js/-/core-js-2.6.2.tgz",
      "integrity": "sha512-NdBPF/RVwPW6jr0NCILuyN9RiqLo2b1mddWHkUL+VnvcB7dzlnBJ1bXYntjpTGOgkZiiLWj2JxmOr7eGE3qK6g=="
    },
    "cwise-compiler": {
      "version": "1.1.3",
      "resolved": "https://registry.npmjs.org/cwise-compiler/-/cwise-compiler-1.1.3.tgz",
      "integrity": "sha1-9NZnQQ6FDToxOn0tt7HlBbsDTMU=",
      "requires": {
        "uniq": "^1.0.0"
      }
    },
    "debug": {
      "version": "2.6.9",
      "resolved": "https://registry.npmjs.org/debug/-/debug-2.6.9.tgz",
      "integrity": "sha512-bC7ElrdJaJnPbAP+1EotYvqZsb3ecl5wi6Bfi6BJTUcNowp6cvspg0jXznRTKDjm/E7AdgFBVeAPVMNcKGsHMA==",
      "requires": {
        "ms": "2.0.0"
      }
    },
    "deep-is": {
      "version": "0.1.3",
      "resolved": "https://registry.npmjs.org/deep-is/-/deep-is-0.1.3.tgz",
      "integrity": "sha1-s2nW+128E+7PUk+RsHD+7cNXzzQ="
    },
    "detect-indent": {
      "version": "4.0.0",
      "resolved": "https://registry.npmjs.org/detect-indent/-/detect-indent-4.0.0.tgz",
      "integrity": "sha1-920GQ1LN9Docts5hnE7jqUdd4gg=",
      "requires": {
        "repeating": "^2.0.0"
      }
    },
    "escape-string-regexp": {
      "version": "1.0.5",
      "resolved": "https://registry.npmjs.org/escape-string-regexp/-/escape-string-regexp-1.0.5.tgz",
      "integrity": "sha1-G2HAViGQqN/2rjuyzwIAyhMLhtQ="
    },
    "escodegen": {
      "version": "1.11.0",
      "resolved": "https://registry.npmjs.org/escodegen/-/escodegen-1.11.0.tgz",
      "integrity": "sha512-IeMV45ReixHS53K/OmfKAIztN/igDHzTJUhZM3k1jMhIZWjk45SMwAtBsEXiJp3vSPmTcu6CXn7mDvFHRN66fw==",
      "requires": {
        "esprima": "^3.1.3",
        "estraverse": "^4.2.0",
        "esutils": "^2.0.2",
        "optionator": "^0.8.1",
        "source-map": "~0.6.1"
      },
      "dependencies": {
        "source-map": {
          "version": "0.6.1",
          "resolved": "https://registry.npmjs.org/source-map/-/source-map-0.6.1.tgz",
          "integrity": "sha512-UjgapumWlbMhkBgzT7Ykc5YXUT46F0iKu8SGXq0bcwP5dz/h0Plj6enJqjz1Zbq2l5WaqYnrVbwWOWMyF3F47g==",
          "optional": true
        }
      }
    },
    "esprima": {
      "version": "3.1.3",
      "resolved": "https://registry.npmjs.org/esprima/-/esprima-3.1.3.tgz",
      "integrity": "sha1-/cpRzuYTOJXjyI1TXOSdv/YqRjM="
    },
    "estraverse": {
      "version": "4.2.0",
      "resolved": "https://registry.npmjs.org/estraverse/-/estraverse-4.2.0.tgz",
      "integrity": "sha1-De4/7TH81GlhjOc0IJn8GvoL2xM="
    },
    "esutils": {
      "version": "2.0.2",
      "resolved": "https://registry.npmjs.org/esutils/-/esutils-2.0.2.tgz",
      "integrity": "sha1-Cr9PHKpbyx96nYrMbepPqqBLrJs="
    },
    "fast-levenshtein": {
      "version": "2.0.6",
      "resolved": "https://registry.npmjs.org/fast-levenshtein/-/fast-levenshtein-2.0.6.tgz",
      "integrity": "sha1-PYpcZog6FqMMqGQ+hR8Zuqd5eRc="
    },
    "find-replace": {
      "version": "2.0.1",
      "resolved": "https://registry.npmjs.org/find-replace/-/find-replace-2.0.1.tgz",
      "integrity": "sha512-LzDo3Fpa30FLIBsh6DCDnMN1KW2g4QKkqKmejlImgWY67dDFPX/x9Kh/op/GK522DchQXEvDi/wD48HKW49XOQ==",
      "requires": {
        "array-back": "^2.0.0",
        "test-value": "^3.0.0"
      }
    },
    "globals": {
      "version": "9.18.0",
      "resolved": "https://registry.npmjs.org/globals/-/globals-9.18.0.tgz",
      "integrity": "sha512-S0nG3CLEQiY/ILxqtztTWH/3iRRdyBLw6KMDxnKMchrtbj2OFmehVh0WUCfW3DUrIgx/qFrJPICrq4Z4sTR9UQ=="
    },
    "has-ansi": {
      "version": "2.0.0",
      "resolved": "https://registry.npmjs.org/has-ansi/-/has-ansi-2.0.0.tgz",
      "integrity": "sha1-NPUEnOHs3ysGSa8+8k5F7TVBbZE=",
      "requires": {
        "ansi-regex": "^2.0.0"
      }
    },
    "hertzscript-compiler": {
      "version": "0.0.5",
      "resolved": "https://registry.npmjs.org/hertzscript-compiler/-/hertzscript-compiler-0.0.5.tgz",
      "integrity": "sha512-X4ba0sVAtAlFwOJiRUURi2e14Ye6DAxbMZE1Xi0QQZeD6fxzgLe9Fvj1JyAtXUcUp3qVCU4ReVbFMCMlJOWtDQ==",
      "requires": {
        "acorn": "^6.0.4",
        "acorn-walk": "^6.1.1",
        "babel-core": "^6.26.3",
        "command-line-args": "^5.0.2",
        "escodegen": "^1.11.0"
      }
    },
    "hertzscript-dispatcher": {
      "version": "0.0.6",
      "resolved": "https://registry.npmjs.org/hertzscript-dispatcher/-/hertzscript-dispatcher-0.0.6.tgz",
      "integrity": "sha512-SrwOSENsZqvVwTvoQ/CZrtl3zlCPHB4SkA5k/skWAOQ6mvrYtGfHwFAj3IXeu85h9jaoRJC0Dy97H+/kTh4MEw==",
      "requires": {
        "command-line-args": "^5.0.2",
        "console-buffer": "^1.0.1",
        "hertzscript-compiler": "0.0.3",
        "terminal-kit": "^1.26.8"
      },
      "dependencies": {
        "hertzscript-compiler": {
          "version": "0.0.3",
          "resolved": "https://registry.npmjs.org/hertzscript-compiler/-/hertzscript-compiler-0.0.3.tgz",
          "integrity": "sha512-YHrQbYAx796drjjSc0ya7oSYSbsX5tIASoNwyodLvdo+2xOiLFNILLqQgRywXm7G/fhVN9kSJWpi7KemLFa08g==",
          "requires": {
            "acorn": "^6.0.4",
            "acorn-walk": "^6.1.1",
            "babel-core": "^6.26.3",
            "command-line-args": "^5.0.2",
            "escodegen": "^1.11.0"
          }
        }
      }
    },
    "home-or-tmp": {
      "version": "2.0.0",
      "resolved": "https://registry.npmjs.org/home-or-tmp/-/home-or-tmp-2.0.0.tgz",
      "integrity": "sha1-42w/LSyufXRqhX440Y1fMqeILbg=",
      "requires": {
        "os-homedir": "^1.0.0",
        "os-tmpdir": "^1.0.1"
      }
    },
    "invariant": {
      "version": "2.2.4",
      "resolved": "https://registry.npmjs.org/invariant/-/invariant-2.2.4.tgz",
      "integrity": "sha512-phJfQVBuaJM5raOpJjSfkiD6BpbCE4Ns//LaXl6wGYtUBY83nWS6Rf9tXm2e8VaK60JEjYldbPif/A2B1C2gNA==",
      "requires": {
        "loose-envify": "^1.0.0"
      }
    },
    "iota-array": {
      "version": "1.0.0",
      "resolved": "https://registry.npmjs.org/iota-array/-/iota-array-1.0.0.tgz",
      "integrity": "sha1-ge9X/l0FgUzVjCSDYyqZwwoOgIc="
    },
    "is-buffer": {
      "version": "1.1.6",
      "resolved": "https://registry.npmjs.org/is-buffer/-/is-buffer-1.1.6.tgz",
      "integrity": "sha512-NcdALwpXkTm5Zvvbk7owOUSvVvBKDgKP5/ewfXEznmQFfs4ZRmanOeKBTjRVjka3QFoN6XJ+9F3USqfHqTaU5w=="
    },
    "is-finite": {
      "version": "1.0.2",
      "resolved": "https://registry.npmjs.org/is-finite/-/is-finite-1.0.2.tgz",
      "integrity": "sha1-zGZ3aVYCvlUO8R6LSqYwU0K20Ko=",
      "requires": {
        "number-is-nan": "^1.0.0"
      }
    },
    "isolated-vm": {
      "version": "1.7.7",
      "resolved": "https://registry.npmjs.org/isolated-vm/-/isolated-vm-1.7.7.tgz",
      "integrity": "sha512-wWIwQ3knq9q20fmjkI5R4j9VHMIgMGvXvipR9i79jiYTCs31IXWI0tLBey+R1iKFkwjEB2oIKNMaeYlUrgs0Ww=="
    },
    "jpeg-js": {
      "version": "0.1.2",
      "resolved": "https://registry.npmjs.org/jpeg-js/-/jpeg-js-0.1.2.tgz",
      "integrity": "sha1-E1uZLAV1yYXPoPSUoyJ+0jhYPs4="
    },
    "js-tokens": {
      "version": "3.0.2",
      "resolved": "https://registry.npmjs.org/js-tokens/-/js-tokens-3.0.2.tgz",
      "integrity": "sha1-mGbfOVECEw449/mWvOtlRDIJwls="
    },
    "jsesc": {
      "version": "1.3.0",
      "resolved": "https://registry.npmjs.org/jsesc/-/jsesc-1.3.0.tgz",
      "integrity": "sha1-RsP+yMGJKxKwgz25vHYiF226s0s="
    },
    "json5": {
      "version": "0.5.1",
      "resolved": "https://registry.npmjs.org/json5/-/json5-0.5.1.tgz",
      "integrity": "sha1-Hq3nrMASA0rYTiOWdn6tn6VJWCE="
    },
    "lazyness": {
      "version": "1.1.1",
      "resolved": "https://registry.npmjs.org/lazyness/-/lazyness-1.1.1.tgz",
      "integrity": "sha512-rYHC6l6LeRlJSt5jxpqN8z/49gZ0CqLi89HAGzJjHahCFlqEjFGFN9O15hmzSzUGFl7zN/vOWduv/+0af3r/kQ=="
    },
    "levn": {
      "version": "0.3.0",
      "resolved": "https://registry.npmjs.org/levn/-/levn-0.3.0.tgz",
      "integrity": "sha1-OwmSTt+fCDwEkP3UwLxEIeBHZO4=",
      "requires": {
        "prelude-ls": "~1.1.2",
        "type-check": "~0.3.2"
      }
    },
    "lodash": {
      "version": "4.17.11",
      "resolved": "https://registry.npmjs.org/lodash/-/lodash-4.17.11.tgz",
      "integrity": "sha512-cQKh8igo5QUhZ7lg38DYWAxMvjSAKG0A8wGSVimP07SIUEK2UO+arSRKbRZWtelMtN5V0Hkwh5ryOto/SshYIg=="
    },
    "lodash.camelcase": {
      "version": "4.3.0",
      "resolved": "https://registry.npmjs.org/lodash.camelcase/-/lodash.camelcase-4.3.0.tgz",
      "integrity": "sha1-soqmKIorn8ZRA1x3EfZathkDMaY="
    },
    "loose-envify": {
      "version": "1.4.0",
      "resolved": "https://registry.npmjs.org/loose-envify/-/loose-envify-1.4.0.tgz",
      "integrity": "sha512-lyuxPGr/Wfhrlem2CL/UcnUc1zcqKAImBDzukY7Y5F/yQiNdko6+fRLevlw1HgMySw7f611UIY408EtxRSoK3Q==",
      "requires": {
        "js-tokens": "^3.0.0 || ^4.0.0"
      }
    },
    "minimatch": {
      "version": "3.0.4",
      "resolved": "https://registry.npmjs.org/minimatch/-/minimatch-3.0.4.tgz",
      "integrity": "sha512-yJHVQEhyqPLUTgt9B83PXu6W3rx4MvvHvSUvToogpwoGDOUQ+yDrR0HRot+yOCdCO7u4hX3pWft6kWBBcqh0UA==",
      "requires": {
        "brace-expansion": "^1.1.7"
      }
    },
    "minimist": {
      "version": "0.0.8",
      "resolved": "https://registry.npmjs.org/minimist/-/minimist-0.0.8.tgz",
      "integrity": "sha1-hX/Kv8M5fSYluCKCYuhqp6ARsF0="
    },
    "mkdirp": {
      "version": "0.5.1",
      "resolved": "https://registry.npmjs.org/mkdirp/-/mkdirp-0.5.1.tgz",
      "integrity": "sha1-MAV0OOrGz3+MR2fzhkjWaX11yQM=",
      "requires": {
        "minimist": "0.0.8"
      }
    },
    "ms": {
      "version": "2.0.0",
      "resolved": "https://registry.npmjs.org/ms/-/ms-2.0.0.tgz",
      "integrity": "sha1-VgiurfwAvmwpAd9fmGF4jeDVl8g="
    },
    "ndarray": {
      "version": "1.0.18",
      "resolved": "https://registry.npmjs.org/ndarray/-/ndarray-1.0.18.tgz",
      "integrity": "sha1-tg06cyJOxVXQ+qeXEeUCRI/T95M=",
      "requires": {
        "iota-array": "^1.0.0",
        "is-buffer": "^1.0.2"
      }
    },
    "ndarray-pack": {
      "version": "1.2.1",
      "resolved": "https://registry.npmjs.org/ndarray-pack/-/ndarray-pack-1.2.1.tgz",
      "integrity": "sha1-jK6+qqJNXs9w/4YCBjeXfajuWFo=",
      "requires": {
        "cwise-compiler": "^1.1.2",
        "ndarray": "^1.0.13"
      }
    },
    "nextgen-events": {
      "version": "1.1.0",
      "resolved": "https://registry.npmjs.org/nextgen-events/-/nextgen-events-1.1.0.tgz",
      "integrity": "sha512-Emz5rh584fygInd3gtwP+xGyJhEnyxQa0/Xbmw8sbpXVGV/luqDnVPq1cQopYR7qg6KUlPfwWVhxrhZri1wDAw=="
    },
    "node-bitmap": {
      "version": "0.0.1",
      "resolved": "https://registry.npmjs.org/node-bitmap/-/node-bitmap-0.0.1.tgz",
      "integrity": "sha1-GA6scAPgxwdhjvMTaPYvhLKmkJE="
    },
    "nodestringtable": {
      "version": "1.0.2",
      "resolved": "https://registry.npmjs.org/nodestringtable/-/nodestringtable-1.0.2.tgz",
      "integrity": "sha512-pmxD5aaJ3cy07+ncvtATvf+SuKE+uZufBuThpjkBsausXKGf0cASZqhArdxg1vT2vMLBv3BMPERMdu8iZoXRvw=="
    },
    "number-is-nan": {
      "version": "1.0.1",
      "resolved": "https://registry.npmjs.org/number-is-nan/-/number-is-nan-1.0.1.tgz",
      "integrity": "sha1-CXtgK1NCKlIsGvuHkDGDNpQaAR0="
    },
    "omggif": {
      "version": "1.0.9",
      "resolved": "https://registry.npmjs.org/omggif/-/omggif-1.0.9.tgz",
      "integrity": "sha1-3LcCTazVDFK00wPwSALJHAV8dl8="
    },
    "optionator": {
      "version": "0.8.2",
      "resolved": "https://registry.npmjs.org/optionator/-/optionator-0.8.2.tgz",
      "integrity": "sha1-NkxeQJ0/TWMB1sC0wFu6UBgK62Q=",
      "requires": {
        "deep-is": "~0.1.3",
        "fast-levenshtein": "~2.0.4",
        "levn": "~0.3.0",
        "prelude-ls": "~1.1.2",
        "type-check": "~0.3.2",
        "wordwrap": "~1.0.0"
      }
    },
    "os-homedir": {
      "version": "1.0.2",
      "resolved": "https://registry.npmjs.org/os-homedir/-/os-homedir-1.0.2.tgz",
      "integrity": "sha1-/7xJiDNuDoM94MFox+8VISGqf7M="
    },
    "os-tmpdir": {
      "version": "1.0.2",
      "resolved": "https://registry.npmjs.org/os-tmpdir/-/os-tmpdir-1.0.2.tgz",
      "integrity": "sha1-u+Z0BseaqFxc/sdm/lc0VV36EnQ="
    },
    "path-is-absolute": {
      "version": "1.0.1",
      "resolved": "https://registry.npmjs.org/path-is-absolute/-/path-is-absolute-1.0.1.tgz",
      "integrity": "sha1-F0uSaHNVNP+8es5r9TpanhtcX18="
    },
    "pngjs": {
      "version": "2.3.1",
      "resolved": "https://registry.npmjs.org/pngjs/-/pngjs-2.3.1.tgz",
      "integrity": "sha1-EdHhK5y2TWPjDBQ6Mw9MH1Z9qF8="
    },
    "prelude-ls": {
      "version": "1.1.2",
      "resolved": "https://registry.npmjs.org/prelude-ls/-/prelude-ls-1.1.2.tgz",
      "integrity": "sha1-IZMqVJ9eUv/ZqCf1cOBL5iqX2lQ="
    },
    "private": {
      "version": "0.1.8",
      "resolved": "https://registry.npmjs.org/private/-/private-0.1.8.tgz",
      "integrity": "sha512-VvivMrbvd2nKkiG38qjULzlc+4Vx4wm/whI9pQD35YrARNnhxeiRktSOhSukRLFNlzg6Br/cJPet5J/u19r/mg=="
    },
    "regenerator-runtime": {
      "version": "0.11.1",
      "resolved": "https://registry.npmjs.org/regenerator-runtime/-/regenerator-runtime-0.11.1.tgz",
      "integrity": "sha512-MguG95oij0fC3QV3URf4V2SDYGJhJnJGqvIIgdECeODCT98wSWDAJ94SSuVpYQUoTcGUIL6L4yNB7j1DFFHSBg=="
    },
    "repeating": {
      "version": "2.0.1",
      "resolved": "https://registry.npmjs.org/repeating/-/repeating-2.0.1.tgz",
      "integrity": "sha1-UhTFOpJtNVJwdSf7q0FdvAjQbdo=",
      "requires": {
        "is-finite": "^1.0.0"
      }
    },
    "safe-buffer": {
      "version": "5.1.2",
      "resolved": "https://registry.npmjs.org/safe-buffer/-/safe-buffer-5.1.2.tgz",
      "integrity": "sha512-Gd2UZBJDkXlY7GbJxfsE8/nvKkUEU1G38c1siN6QP6a9PT9MmHB8GnpscSmMJSoF8LOIrt8ud/wPtojys4G6+g=="
    },
    "setimmediate": {
      "version": "1.0.5",
      "resolved": "https://registry.npmjs.org/setimmediate/-/setimmediate-1.0.5.tgz",
      "integrity": "sha1-KQy7Iy4waULX1+qbg3Mqt4VvgoU="
    },
    "seventh": {
      "version": "0.7.18",
      "resolved": "https://registry.npmjs.org/seventh/-/seventh-0.7.18.tgz",
      "integrity": "sha512-fwO9/Ogh28KdAUz71fgJBn3NezuFWaiVLa2HW2/6TlAGsUzTUVPIuxQEGMKqPNerTJ+ZZDrFlPH98sdvBZpa1A==",
      "requires": {
        "setimmediate": "^1.0.5"
      }
    },
    "slash": {
      "version": "1.0.0",
      "resolved": "https://registry.npmjs.org/slash/-/slash-1.0.0.tgz",
      "integrity": "sha1-xB8vbDn8FtHNF61LXYlhFK5HDVU="
    },
    "source-map": {
      "version": "0.5.7",
      "resolved": "https://registry.npmjs.org/source-map/-/source-map-0.5.7.tgz",
      "integrity": "sha1-igOdLRAh0i0eoUyA2OpGi6LvP8w="
    },
    "source-map-support": {
      "version": "0.4.18",
      "resolved": "https://registry.npmjs.org/source-map-support/-/source-map-support-0.4.18.tgz",
      "integrity": "sha512-try0/JqxPLF9nOjvSta7tVondkP5dwgyLDjVoyMDlmjugT2lRZ1OfsrYTkCd2hkDnJTKRbO/Rl3orm8vlsUzbA==",
      "requires": {
        "source-map": "^0.5.6"
      }
    },
    "string-kit": {
      "version": "0.9.0",
      "resolved": "https://registry.npmjs.org/string-kit/-/string-kit-0.9.0.tgz",
      "integrity": "sha512-expoSC+sKv98TYrdpc25js3w89iizDTVY15VP9GgiMGu0xNhLMGzLjZVxuRihzmiySrdGAUs+KgqbYCE1Mcaew=="
    },
    "strip-ansi": {
      "version": "3.0.1",
      "resolved": "https://registry.npmjs.org/strip-ansi/-/strip-ansi-3.0.1.tgz",
      "integrity": "sha1-ajhfuIU9lS1f8F0Oiq+UJ43GPc8=",
      "requires": {
        "ansi-regex": "^2.0.0"
      }
    },
    "supports-color": {
      "version": "2.0.0",
      "resolved": "https://registry.npmjs.org/supports-color/-/supports-color-2.0.0.tgz",
      "integrity": "sha1-U10EXOa2Nj+kARcIRimZXp3zJMc="
    },
    "terminal-kit": {
      "version": "1.26.10",
      "resolved": "https://registry.npmjs.org/terminal-kit/-/terminal-kit-1.26.10.tgz",
      "integrity": "sha512-vYpffEKhvYAGxhhUrLbwJvgv5OUWBZ809MAm8TFalsGh6vC7/cSu6kCCRxbdic1dtbzr/PzeB4T/i5/RLlI1jw==",
      "requires": {
        "@cronvel/get-pixels": "^3.3.1",
        "lazyness": "^1.1.1",
        "ndarray": "^1.0.18",
        "nextgen-events": "^1.1.0",
        "seventh": "^0.7.18",
        "string-kit": "^0.9.0",
        "tree-kit": "^0.6.0"
      }
    },
    "test-value": {
      "version": "3.0.0",
      "resolved": "https://registry.npmjs.org/test-value/-/test-value-3.0.0.tgz",
      "integrity": "sha512-sVACdAWcZkSU9x7AOmJo5TqE+GyNJknHaHsMrR6ZnhjVlVN9Yx6FjHrsKZ3BjIpPCT68zYesPWkakrNupwfOTQ==",
      "requires": {
        "array-back": "^2.0.0",
        "typical": "^2.6.1"
      }
    },
    "to-fast-properties": {
      "version": "1.0.3",
      "resolved": "https://registry.npmjs.org/to-fast-properties/-/to-fast-properties-1.0.3.tgz",
      "integrity": "sha1-uDVx+k2MJbguIxsG46MFXeTKGkc="
    },
    "tree-kit": {
      "version": "0.6.0",
      "resolved": "https://registry.npmjs.org/tree-kit/-/tree-kit-0.6.0.tgz",
      "integrity": "sha512-zhziPwc97WQaLYAFEpsUGr4z/imMnRkjjKEqFTnSY8tUFbVzVnJkyVUiq4xb/+/FD/9QryNc38iU+URPEU0zaQ=="
    },
    "trim-right": {
      "version": "1.0.1",
      "resolved": "https://registry.npmjs.org/trim-right/-/trim-right-1.0.1.tgz",
      "integrity": "sha1-yy4SAwZ+DI3h9hQJS5/kVwTqYAM="
    },
    "type-check": {
      "version": "0.3.2",
      "resolved": "https://registry.npmjs.org/type-check/-/type-check-0.3.2.tgz",
      "integrity": "sha1-WITKtRLPHTVeP7eE8wgEsrUg23I=",
      "requires": {
        "prelude-ls": "~1.1.2"
      }
    },
    "typical": {
      "version": "2.6.1",
      "resolved": "https://registry.npmjs.org/typical/-/typical-2.6.1.tgz",
      "integrity": "sha1-XAgOXWYcu+OCWdLnCjxyU+hziB0="
    },
    "uniq": {
      "version": "1.0.1",
      "resolved": "https://registry.npmjs.org/uniq/-/uniq-1.0.1.tgz",
      "integrity": "sha1-sxxa6CVIRKOoKBVBzisEuGWnNP8="
    },
    "wordwrap": {
      "version": "1.0.0",
      "resolved": "https://registry.npmjs.org/wordwrap/-/wordwrap-1.0.0.tgz",
      "integrity": "sha1-J1hIEIkUVqQXHI0CJkQa3pDLyus="
    }
  }
}
